// !$*UTF8*$!
{
	archiveVersion = 1;
	classes = {
	};
	objectVersion = 46;
	objects = {

/* Begin PBXBuildFile section */
		E13B81991A4583E2006D29DC /* AppDelegate.swift in Sources */ = {isa = PBXBuildFile; fileRef = E13B81981A4583E2006D29DC /* AppDelegate.swift */; };
		E13B819B1A4583E2006D29DC /* MainViewController.swift in Sources */ = {isa = PBXBuildFile; fileRef = E13B819A1A4583E2006D29DC /* MainViewController.swift */; };
		E13B819E1A4583E2006D29DC /* Main.storyboard in Resources */ = {isa = PBXBuildFile; fileRef = E13B819C1A4583E2006D29DC /* Main.storyboard */; };
		E13B81A01A4583E2006D29DC /* Images.xcassets in Resources */ = {isa = PBXBuildFile; fileRef = E13B819F1A4583E2006D29DC /* Images.xcassets */; };
		E13B81AF1A4583E2006D29DC /* projects_iosTests.swift in Sources */ = {isa = PBXBuildFile; fileRef = E13B81AE1A4583E2006D29DC /* projects_iosTests.swift */; };
		E13D245B1A48240B00D6A0FA /* TraktService.swift in Sources */ = {isa = PBXBuildFile; fileRef = E13D245A1A48240B00D6A0FA /* TraktService.swift */; };
		E13D24771A48439600D6A0FA /* Dict+URLQuery.swift in Sources */ = {isa = PBXBuildFile; fileRef = E13D24761A48439500D6A0FA /* Dict+URLQuery.swift */; };
		E13D24791A484CD900D6A0FA /* TraktModel.swift in Sources */ = {isa = PBXBuildFile; fileRef = E13D24781A484CD900D6A0FA /* TraktModel.swift */; };
		E13D247B1A487C5100D6A0FA /* Dict+Add.swift in Sources */ = {isa = PBXBuildFile; fileRef = E13D247A1A487C5100D6A0FA /* Dict+Add.swift */; };
		E13E01601A4AAEF5004B8D3D /* DatabaseService.swift in Sources */ = {isa = PBXBuildFile; fileRef = E13E015F1A4AAEF5004B8D3D /* DatabaseService.swift */; };
		E1A78BD21A458D7F0082C689 /* MainViewModel.swift in Sources */ = {isa = PBXBuildFile; fileRef = E1A78BD11A458D7F0082C689 /* MainViewModel.swift */; };
		E1A78BD41A458DDF0082C689 /* PopcornService.swift in Sources */ = {isa = PBXBuildFile; fileRef = E1A78BD31A458DDF0082C689 /* PopcornService.swift */; };
		E1A78BE61A4590810082C689 /* Types.swift in Sources */ = {isa = PBXBuildFile; fileRef = E1A78BE51A4590810082C689 /* Types.swift */; };
		E1A78BE81A4591D30082C689 /* SwiftyJSON.swift in Sources */ = {isa = PBXBuildFile; fileRef = E1A78BE71A4591D30082C689 /* SwiftyJSON.swift */; };
		E1A78BEA1A4592080082C689 /* Alamofire+SwiftyJSON.swift in Sources */ = {isa = PBXBuildFile; fileRef = E1A78BE91A4592080082C689 /* Alamofire+SwiftyJSON.swift */; };
		E1A78BEC1A4592A10082C689 /* PopcornModel.swift in Sources */ = {isa = PBXBuildFile; fileRef = E1A78BEB1A4592A10082C689 /* PopcornModel.swift */; };
		E1A78BEE1A45D9990082C689 /* String+Base64.swift in Sources */ = {isa = PBXBuildFile; fileRef = E1A78BED1A45D9990082C689 /* String+Base64.swift */; };
		E1A78BFD1A45DFD20082C689 /* Alamofire.framework in Frameworks */ = {isa = PBXBuildFile; fileRef = E1A78BF81A45DFC70082C689 /* Alamofire.framework */; settings = {ATTRIBUTES = (CodeSignOnCopy, RemoveHeadersOnCopy, ); }; };
		E1A78BFF1A46DFD80082C689 /* PopcornAPIService.swift in Sources */ = {isa = PBXBuildFile; fileRef = E1A78BFE1A46DFD80082C689 /* PopcornAPIService.swift */; };
		E1A78C011A46E1220082C689 /* PopcornAPIModel.swift in Sources */ = {isa = PBXBuildFile; fileRef = E1A78C001A46E1220082C689 /* PopcornAPIModel.swift */; };
		E1F7D7931A49C9C800FAE185 /* RLMSupport.swift in Sources */ = {isa = PBXBuildFile; fileRef = E1F7D7921A49C9C800FAE185 /* RLMSupport.swift */; };
		E1F7D79B1A49CCD600FAE185 /* DatabaseModel.swift in Sources */ = {isa = PBXBuildFile; fileRef = E1F7D79A1A49CCD600FAE185 /* DatabaseModel.swift */; };
		E1F7D7A91A49D42300FAE185 /* Realm.framework in Frameworks */ = {isa = PBXBuildFile; fileRef = E1F7D7A81A49D42300FAE185 /* Realm.framework */; };
		E1F7D7AA1A49D42E00FAE185 /* Realm.framework in Frameworks */ = {isa = PBXBuildFile; fileRef = E1F7D7A81A49D42300FAE185 /* Realm.framework */; settings = {ATTRIBUTES = (CodeSignOnCopy, RemoveHeadersOnCopy, ); }; };
		E1F7D7AC1A49D49000FAE185 /* libc++.dylib in Frameworks */ = {isa = PBXBuildFile; fileRef = E1F7D7AB1A49D49000FAE185 /* libc++.dylib */; };
		F8453C4C1A489A630099EE0E /* QuartzCore.framework in Frameworks */ = {isa = PBXBuildFile; fileRef = F8453C4B1A489A630099EE0E /* QuartzCore.framework */; };
/* End PBXBuildFile section */

/* Begin PBXContainerItemProxy section */
		E13B81A91A4583E2006D29DC /* PBXContainerItemProxy */ = {
			isa = PBXContainerItemProxy;
			containerPortal = E13B818B1A4583E2006D29DC /* Project object */;
			proxyType = 1;
			remoteGlobalIDString = E13B81921A4583E2006D29DC;
			remoteInfo = "projects-ios";
		};
		E1A78BF71A45DFC70082C689 /* PBXContainerItemProxy */ = {
			isa = PBXContainerItemProxy;
			containerPortal = E1A78BF21A45DFC70082C689 /* Alamofire.xcodeproj */;
			proxyType = 2;
			remoteGlobalIDString = F8111E3319A95C8B0040E7D1;
			remoteInfo = Alamofire;
		};
		E1A78BF91A45DFC70082C689 /* PBXContainerItemProxy */ = {
			isa = PBXContainerItemProxy;
			containerPortal = E1A78BF21A45DFC70082C689 /* Alamofire.xcodeproj */;
			proxyType = 2;
			remoteGlobalIDString = F8111E3E19A95C8B0040E7D1;
			remoteInfo = AlamofireTests;
		};
		E1A78BFB1A45DFCB0082C689 /* PBXContainerItemProxy */ = {
			isa = PBXContainerItemProxy;
			containerPortal = E1A78BF21A45DFC70082C689 /* Alamofire.xcodeproj */;
			proxyType = 1;
			remoteGlobalIDString = F8111E3219A95C8B0040E7D1;
			remoteInfo = Alamofire;
		};
/* End PBXContainerItemProxy section */

/* Begin PBXCopyFilesBuildPhase section */
		E1A78BE01A458EF40082C689 /* Frameworks */ = {
			isa = PBXCopyFilesBuildPhase;
			buildActionMask = 2147483647;
			dstPath = "";
			dstSubfolderSpec = 10;
			files = (
				E1F7D7AA1A49D42E00FAE185 /* Realm.framework in Frameworks */,
				E1A78BFD1A45DFD20082C689 /* Alamofire.framework in Frameworks */,
			);
			name = Frameworks;
			runOnlyForDeploymentPostprocessing = 0;
		};
/* End PBXCopyFilesBuildPhase section */

/* Begin PBXFileReference section */
		E13B81931A4583E2006D29DC /* projects-ios.app */ = {isa = PBXFileReference; explicitFileType = wrapper.application; includeInIndex = 0; path = "projects-ios.app"; sourceTree = BUILT_PRODUCTS_DIR; };
		E13B81971A4583E2006D29DC /* Info.plist */ = {isa = PBXFileReference; lastKnownFileType = text.plist.xml; path = Info.plist; sourceTree = "<group>"; };
		E13B81981A4583E2006D29DC /* AppDelegate.swift */ = {isa = PBXFileReference; lastKnownFileType = sourcecode.swift; path = AppDelegate.swift; sourceTree = "<group>"; };
		E13B819A1A4583E2006D29DC /* MainViewController.swift */ = {isa = PBXFileReference; lastKnownFileType = sourcecode.swift; path = MainViewController.swift; sourceTree = "<group>"; };
		E13B819D1A4583E2006D29DC /* Base */ = {isa = PBXFileReference; lastKnownFileType = file.storyboard; name = Base; path = Base.lproj/Main.storyboard; sourceTree = "<group>"; };
		E13B819F1A4583E2006D29DC /* Images.xcassets */ = {isa = PBXFileReference; lastKnownFileType = folder.assetcatalog; path = Images.xcassets; sourceTree = "<group>"; };
		E13B81A81A4583E2006D29DC /* projects-iosTests.xctest */ = {isa = PBXFileReference; explicitFileType = wrapper.cfbundle; includeInIndex = 0; path = "projects-iosTests.xctest"; sourceTree = BUILT_PRODUCTS_DIR; };
		E13B81AD1A4583E2006D29DC /* Info.plist */ = {isa = PBXFileReference; lastKnownFileType = text.plist.xml; path = Info.plist; sourceTree = "<group>"; };
		E13B81AE1A4583E2006D29DC /* projects_iosTests.swift */ = {isa = PBXFileReference; lastKnownFileType = sourcecode.swift; path = projects_iosTests.swift; sourceTree = "<group>"; };
		E13D245A1A48240B00D6A0FA /* TraktService.swift */ = {isa = PBXFileReference; fileEncoding = 4; lastKnownFileType = sourcecode.swift; path = TraktService.swift; sourceTree = "<group>"; };
		E13D24761A48439500D6A0FA /* Dict+URLQuery.swift */ = {isa = PBXFileReference; fileEncoding = 4; lastKnownFileType = sourcecode.swift; path = "Dict+URLQuery.swift"; sourceTree = "<group>"; };
		E13D24781A484CD900D6A0FA /* TraktModel.swift */ = {isa = PBXFileReference; fileEncoding = 4; lastKnownFileType = sourcecode.swift; path = TraktModel.swift; sourceTree = "<group>"; };
		E13D247A1A487C5100D6A0FA /* Dict+Add.swift */ = {isa = PBXFileReference; fileEncoding = 4; lastKnownFileType = sourcecode.swift; path = "Dict+Add.swift"; sourceTree = "<group>"; };
		E13E015F1A4AAEF5004B8D3D /* DatabaseService.swift */ = {isa = PBXFileReference; fileEncoding = 4; lastKnownFileType = sourcecode.swift; path = DatabaseService.swift; sourceTree = "<group>"; };
		E1A78BD11A458D7F0082C689 /* MainViewModel.swift */ = {isa = PBXFileReference; fileEncoding = 4; lastKnownFileType = sourcecode.swift; path = MainViewModel.swift; sourceTree = "<group>"; };
		E1A78BD31A458DDF0082C689 /* PopcornService.swift */ = {isa = PBXFileReference; fileEncoding = 4; lastKnownFileType = sourcecode.swift; path = PopcornService.swift; sourceTree = "<group>"; };
		E1A78BE51A4590810082C689 /* Types.swift */ = {isa = PBXFileReference; fileEncoding = 4; lastKnownFileType = sourcecode.swift; path = Types.swift; sourceTree = "<group>"; };
		E1A78BE71A4591D30082C689 /* SwiftyJSON.swift */ = {isa = PBXFileReference; fileEncoding = 4; lastKnownFileType = sourcecode.swift; path = SwiftyJSON.swift; sourceTree = "<group>"; };
		E1A78BE91A4592080082C689 /* Alamofire+SwiftyJSON.swift */ = {isa = PBXFileReference; fileEncoding = 4; lastKnownFileType = sourcecode.swift; path = "Alamofire+SwiftyJSON.swift"; sourceTree = "<group>"; };
		E1A78BEB1A4592A10082C689 /* PopcornModel.swift */ = {isa = PBXFileReference; fileEncoding = 4; lastKnownFileType = sourcecode.swift; path = PopcornModel.swift; sourceTree = "<group>"; };
		E1A78BED1A45D9990082C689 /* String+Base64.swift */ = {isa = PBXFileReference; fileEncoding = 4; lastKnownFileType = sourcecode.swift; path = "String+Base64.swift"; sourceTree = "<group>"; };
		E1A78BF21A45DFC70082C689 /* Alamofire.xcodeproj */ = {isa = PBXFileReference; lastKnownFileType = "wrapper.pb-project"; name = Alamofire.xcodeproj; path = Alamofire/Alamofire.xcodeproj; sourceTree = SOURCE_ROOT; };
		E1A78BFE1A46DFD80082C689 /* PopcornAPIService.swift */ = {isa = PBXFileReference; fileEncoding = 4; lastKnownFileType = sourcecode.swift; path = PopcornAPIService.swift; sourceTree = "<group>"; };
		E1A78C001A46E1220082C689 /* PopcornAPIModel.swift */ = {isa = PBXFileReference; fileEncoding = 4; lastKnownFileType = sourcecode.swift; path = PopcornAPIModel.swift; sourceTree = "<group>"; };
		E1F7D78B1A497BC400FAE185 /* MyPlayground.playground */ = {isa = PBXFileReference; lastKnownFileType = file.playground; name = MyPlayground.playground; path = ../../MyPlayground.playground; sourceTree = "<group>"; };
		E1F7D7921A49C9C800FAE185 /* RLMSupport.swift */ = {isa = PBXFileReference; fileEncoding = 4; lastKnownFileType = sourcecode.swift; path = RLMSupport.swift; sourceTree = "<group>"; };
		E1F7D79A1A49CCD600FAE185 /* DatabaseModel.swift */ = {isa = PBXFileReference; fileEncoding = 4; lastKnownFileType = sourcecode.swift; path = DatabaseModel.swift; sourceTree = "<group>"; };
		E1F7D7A81A49D42300FAE185 /* Realm.framework */ = {isa = PBXFileReference; lastKnownFileType = wrapper.framework; path = Realm.framework; sourceTree = "<group>"; };
		E1F7D7AB1A49D49000FAE185 /* libc++.dylib */ = {isa = PBXFileReference; lastKnownFileType = "compiled.mach-o.dylib"; name = "libc++.dylib"; path = "usr/lib/libc++.dylib"; sourceTree = SDKROOT; };
		F8453C4B1A489A630099EE0E /* QuartzCore.framework */ = {isa = PBXFileReference; lastKnownFileType = wrapper.framework; name = QuartzCore.framework; path = System/Library/Frameworks/QuartzCore.framework; sourceTree = SDKROOT; };
/* End PBXFileReference section */

/* Begin PBXFrameworksBuildPhase section */
		E13B81901A4583E2006D29DC /* Frameworks */ = {
			isa = PBXFrameworksBuildPhase;
			buildActionMask = 2147483647;
			files = (
				E1F7D7AC1A49D49000FAE185 /* libc++.dylib in Frameworks */,
				E1F7D7A91A49D42300FAE185 /* Realm.framework in Frameworks */,
				F8453C4C1A489A630099EE0E /* QuartzCore.framework in Frameworks */,
			);
			runOnlyForDeploymentPostprocessing = 0;
		};
		E13B81A51A4583E2006D29DC /* Frameworks */ = {
			isa = PBXFrameworksBuildPhase;
			buildActionMask = 2147483647;
			files = (
			);
			runOnlyForDeploymentPostprocessing = 0;
		};
/* End PBXFrameworksBuildPhase section */

/* Begin PBXGroup section */
		E13B818A1A4583E2006D29DC = {
			isa = PBXGroup;
			children = (
				E13B81951A4583E2006D29DC /* projects-ios */,
				E13B81AB1A4583E2006D29DC /* projects-iosTests */,
				E13B81941A4583E2006D29DC /* Products */,
			);
			sourceTree = "<group>";
		};
		E13B81941A4583E2006D29DC /* Products */ = {
			isa = PBXGroup;
			children = (
				E13B81931A4583E2006D29DC /* projects-ios.app */,
				E13B81A81A4583E2006D29DC /* projects-iosTests.xctest */,
			);
			name = Products;
			sourceTree = "<group>";
		};
		E13B81951A4583E2006D29DC /* projects-ios */ = {
			isa = PBXGroup;
			children = (
				E1F7D78B1A497BC400FAE185 /* MyPlayground.playground */,
				E1A78BF01A45DD0A0082C689 /* AppDelegate */,
				E1A78BCF1A458D2E0082C689 /* Views */,
				E1A78BCD1A458D000082C689 /* Services */,
				E1A78BCE1A458D260082C689 /* Models */,
				E1A78BE41A45905C0082C689 /* Helpers */,
				E1A78BE31A458F5A0082C689 /* Resources */,
				E1A78BE21A458F3B0082C689 /* Dependencies */,
				E13B81961A4583E2006D29DC /* Supporting Files */,
			);
			path = "projects-ios";
			sourceTree = "<group>";
		};
		E13B81961A4583E2006D29DC /* Supporting Files */ = {
			isa = PBXGroup;
			children = (
				E13B81971A4583E2006D29DC /* Info.plist */,
			);
			path = "Supporting Files";
			sourceTree = "<group>";
		};
		E13B81AB1A4583E2006D29DC /* projects-iosTests */ = {
			isa = PBXGroup;
			children = (
				E13B81AE1A4583E2006D29DC /* projects_iosTests.swift */,
				E13B81AC1A4583E2006D29DC /* Supporting Files */,
			);
			path = "projects-iosTests";
			sourceTree = "<group>";
		};
		E13B81AC1A4583E2006D29DC /* Supporting Files */ = {
			isa = PBXGroup;
			children = (
				E13B81AD1A4583E2006D29DC /* Info.plist */,
			);
			path = "Supporting Files";
			sourceTree = "<group>";
		};
		E1A78BCD1A458D000082C689 /* Services */ = {
			isa = PBXGroup;
			children = (
				E1A78BD31A458DDF0082C689 /* PopcornService.swift */,
				E13D245A1A48240B00D6A0FA /* TraktService.swift */,
				E13E015F1A4AAEF5004B8D3D /* DatabaseService.swift */,
				E1A78BFE1A46DFD80082C689 /* PopcornAPIService.swift */,
			);
			path = Services;
			sourceTree = "<group>";
		};
		E1A78BCE1A458D260082C689 /* Models */ = {
			isa = PBXGroup;
			children = (
				E1A78BEB1A4592A10082C689 /* PopcornModel.swift */,
				E1F7D79A1A49CCD600FAE185 /* DatabaseModel.swift */,
				E1A78C001A46E1220082C689 /* PopcornAPIModel.swift */,
				E13D24781A484CD900D6A0FA /* TraktModel.swift */,
			);
			path = Models;
			sourceTree = "<group>";
		};
		E1A78BCF1A458D2E0082C689 /* Views */ = {
			isa = PBXGroup;
			children = (
				E13B819C1A4583E2006D29DC /* Main.storyboard */,
				E1A78BD01A458D560082C689 /* Main View */,
			);
			path = Views;
			sourceTree = "<group>";
		};
		E1A78BD01A458D560082C689 /* Main View */ = {
			isa = PBXGroup;
			children = (
				E1A78BD11A458D7F0082C689 /* MainViewModel.swift */,
				E13B819A1A4583E2006D29DC /* MainViewController.swift */,
			);
			path = "Main View";
			sourceTree = "<group>";
		};
		E1A78BE21A458F3B0082C689 /* Dependencies */ = {
			isa = PBXGroup;
			children = (
				E1F7D7941A49C9D100FAE185 /* Realm */,
				F8453C4B1A489A630099EE0E /* QuartzCore.framework */,
				E1A78BF21A45DFC70082C689 /* Alamofire.xcodeproj */,
				E1A78BE71A4591D30082C689 /* SwiftyJSON.swift */,
				E1A78BE91A4592080082C689 /* Alamofire+SwiftyJSON.swift */,
			);
			path = Dependencies;
			sourceTree = "<group>";
		};
		E1A78BE31A458F5A0082C689 /* Resources */ = {
			isa = PBXGroup;
			children = (
				E13B819F1A4583E2006D29DC /* Images.xcassets */,
			);
			path = Resources;
			sourceTree = "<group>";
		};
		E1A78BE41A45905C0082C689 /* Helpers */ = {
			isa = PBXGroup;
			children = (
				E1A78BE51A4590810082C689 /* Types.swift */,
				E1A78BED1A45D9990082C689 /* String+Base64.swift */,
				E13D247A1A487C5100D6A0FA /* Dict+Add.swift */,
				E13D24761A48439500D6A0FA /* Dict+URLQuery.swift */,
			);
			path = Helpers;
			sourceTree = "<group>";
		};
		E1A78BF01A45DD0A0082C689 /* AppDelegate */ = {
			isa = PBXGroup;
			children = (
				E13B81981A4583E2006D29DC /* AppDelegate.swift */,
			);
			path = AppDelegate;
			sourceTree = "<group>";
		};
		E1A78BF31A45DFC70082C689 /* Products */ = {
			isa = PBXGroup;
			children = (
				E1A78BF81A45DFC70082C689 /* Alamofire.framework */,
				E1A78BFA1A45DFC70082C689 /* AlamofireTests.xctest */,
			);
			name = Products;
			sourceTree = "<group>";
		};
		E1F7D7941A49C9D100FAE185 /* Realm */ = {
			isa = PBXGroup;
			children = (
				E1F7D7AB1A49D49000FAE185 /* libc++.dylib */,
				E1F7D7A81A49D42300FAE185 /* Realm.framework */,
				E1F7D7921A49C9C800FAE185 /* RLMSupport.swift */,
			);
			name = Realm;
			sourceTree = "<group>";
		};
/* End PBXGroup section */

/* Begin PBXNativeTarget section */
		E13B81921A4583E2006D29DC /* projects-ios */ = {
			isa = PBXNativeTarget;
			buildConfigurationList = E13B81B21A4583E2006D29DC /* Build configuration list for PBXNativeTarget "projects-ios" */;
			buildPhases = (
				E13B818F1A4583E2006D29DC /* Sources */,
				E13B81901A4583E2006D29DC /* Frameworks */,
				E13B81911A4583E2006D29DC /* Resources */,
				E1A78BE01A458EF40082C689 /* Frameworks */,
			);
			buildRules = (
			);
			dependencies = (
				E1A78BFC1A45DFCB0082C689 /* PBXTargetDependency */,
			);
			name = "projects-ios";
			productName = "projects-ios";
			productReference = E13B81931A4583E2006D29DC /* projects-ios.app */;
			productType = "com.apple.product-type.application";
		};
		E13B81A71A4583E2006D29DC /* projects-iosTests */ = {
			isa = PBXNativeTarget;
			buildConfigurationList = E13B81B51A4583E2006D29DC /* Build configuration list for PBXNativeTarget "projects-iosTests" */;
			buildPhases = (
				E13B81A41A4583E2006D29DC /* Sources */,
				E13B81A51A4583E2006D29DC /* Frameworks */,
				E13B81A61A4583E2006D29DC /* Resources */,
			);
			buildRules = (
			);
			dependencies = (
				E13B81AA1A4583E2006D29DC /* PBXTargetDependency */,
			);
			name = "projects-iosTests";
			productName = "projects-iosTests";
			productReference = E13B81A81A4583E2006D29DC /* projects-iosTests.xctest */;
			productType = "com.apple.product-type.bundle.unit-test";
		};
/* End PBXNativeTarget section */

/* Begin PBXProject section */
		E13B818B1A4583E2006D29DC /* Project object */ = {
			isa = PBXProject;
			attributes = {
				LastUpgradeCheck = 0610;
				ORGANIZATIONNAME = izqui;
				TargetAttributes = {
					E13B81921A4583E2006D29DC = {
						CreatedOnToolsVersion = 6.1.1;
						DevelopmentTeam = 72RF4L6QZW;
					};
					E13B81A71A4583E2006D29DC = {
						CreatedOnToolsVersion = 6.1.1;
						TestTargetID = E13B81921A4583E2006D29DC;
					};
				};
			};
			buildConfigurationList = E13B818E1A4583E2006D29DC /* Build configuration list for PBXProject "projects-ios" */;
			compatibilityVersion = "Xcode 3.2";
			developmentRegion = English;
			hasScannedForEncodings = 0;
			knownRegions = (
				en,
				Base,
			);
			mainGroup = E13B818A1A4583E2006D29DC;
			productRefGroup = E13B81941A4583E2006D29DC /* Products */;
			projectDirPath = "";
			projectReferences = (
				{
					ProductGroup = E1A78BF31A45DFC70082C689 /* Products */;
					ProjectRef = E1A78BF21A45DFC70082C689 /* Alamofire.xcodeproj */;
				},
			);
			projectRoot = "";
			targets = (
				E13B81921A4583E2006D29DC /* projects-ios */,
				E13B81A71A4583E2006D29DC /* projects-iosTests */,
			);
		};
/* End PBXProject section */

/* Begin PBXReferenceProxy section */
		E1A78BF81A45DFC70082C689 /* Alamofire.framework */ = {
			isa = PBXReferenceProxy;
			fileType = wrapper.framework;
			path = Alamofire.framework;
			remoteRef = E1A78BF71A45DFC70082C689 /* PBXContainerItemProxy */;
			sourceTree = BUILT_PRODUCTS_DIR;
		};
		E1A78BFA1A45DFC70082C689 /* AlamofireTests.xctest */ = {
			isa = PBXReferenceProxy;
			fileType = wrapper.cfbundle;
			path = AlamofireTests.xctest;
			remoteRef = E1A78BF91A45DFC70082C689 /* PBXContainerItemProxy */;
			sourceTree = BUILT_PRODUCTS_DIR;
		};
/* End PBXReferenceProxy section */

/* Begin PBXResourcesBuildPhase section */
		E13B81911A4583E2006D29DC /* Resources */ = {
			isa = PBXResourcesBuildPhase;
			buildActionMask = 2147483647;
			files = (
				E13B819E1A4583E2006D29DC /* Main.storyboard in Resources */,
				E13B81A01A4583E2006D29DC /* Images.xcassets in Resources */,
			);
			runOnlyForDeploymentPostprocessing = 0;
		};
		E13B81A61A4583E2006D29DC /* Resources */ = {
			isa = PBXResourcesBuildPhase;
			buildActionMask = 2147483647;
			files = (
			);
			runOnlyForDeploymentPostprocessing = 0;
		};
/* End PBXResourcesBuildPhase section */

/* Begin PBXSourcesBuildPhase section */
		E13B818F1A4583E2006D29DC /* Sources */ = {
			isa = PBXSourcesBuildPhase;
			buildActionMask = 2147483647;
			files = (
				E13E01601A4AAEF5004B8D3D /* DatabaseService.swift in Sources */,
				E13B819B1A4583E2006D29DC /* MainViewController.swift in Sources */,
				E1A78BD41A458DDF0082C689 /* PopcornService.swift in Sources */,
				E13B81991A4583E2006D29DC /* AppDelegate.swift in Sources */,
				E1F7D7931A49C9C800FAE185 /* RLMSupport.swift in Sources */,
				E1A78BE81A4591D30082C689 /* SwiftyJSON.swift in Sources */,
				E13D247B1A487C5100D6A0FA /* Dict+Add.swift in Sources */,
				E13D245B1A48240B00D6A0FA /* TraktService.swift in Sources */,
				E1A78BEE1A45D9990082C689 /* String+Base64.swift in Sources */,
				E13D24771A48439600D6A0FA /* Dict+URLQuery.swift in Sources */,
				E1A78BE61A4590810082C689 /* Types.swift in Sources */,
				E1A78BEC1A4592A10082C689 /* PopcornModel.swift in Sources */,
				E1A78BD21A458D7F0082C689 /* MainViewModel.swift in Sources */,
				E1A78BFF1A46DFD80082C689 /* PopcornAPIService.swift in Sources */,
				E1A78BEA1A4592080082C689 /* Alamofire+SwiftyJSON.swift in Sources */,
				E1F7D79B1A49CCD600FAE185 /* DatabaseModel.swift in Sources */,
				E13D24791A484CD900D6A0FA /* TraktModel.swift in Sources */,
				E1A78C011A46E1220082C689 /* PopcornAPIModel.swift in Sources */,
			);
			runOnlyForDeploymentPostprocessing = 0;
		};
		E13B81A41A4583E2006D29DC /* Sources */ = {
			isa = PBXSourcesBuildPhase;
			buildActionMask = 2147483647;
			files = (
				E13B81AF1A4583E2006D29DC /* projects_iosTests.swift in Sources */,
			);
			runOnlyForDeploymentPostprocessing = 0;
		};
/* End PBXSourcesBuildPhase section */

/* Begin PBXTargetDependency section */
		E13B81AA1A4583E2006D29DC /* PBXTargetDependency */ = {
			isa = PBXTargetDependency;
			target = E13B81921A4583E2006D29DC /* projects-ios */;
			targetProxy = E13B81A91A4583E2006D29DC /* PBXContainerItemProxy */;
		};
		E1A78BFC1A45DFCB0082C689 /* PBXTargetDependency */ = {
			isa = PBXTargetDependency;
			name = Alamofire;
			targetProxy = E1A78BFB1A45DFCB0082C689 /* PBXContainerItemProxy */;
		};
/* End PBXTargetDependency section */

/* Begin PBXVariantGroup section */
		E13B819C1A4583E2006D29DC /* Main.storyboard */ = {
			isa = PBXVariantGroup;
			children = (
				E13B819D1A4583E2006D29DC /* Base */,
			);
			name = Main.storyboard;
			sourceTree = "<group>";
		};
/* End PBXVariantGroup section */

/* Begin XCBuildConfiguration section */
		E13B81B01A4583E2006D29DC /* Debug */ = {
			isa = XCBuildConfiguration;
			buildSettings = {
				ALWAYS_SEARCH_USER_PATHS = NO;
				CLANG_CXX_LANGUAGE_STANDARD = "gnu++0x";
				CLANG_CXX_LIBRARY = "libc++";
				CLANG_ENABLE_MODULES = YES;
				CLANG_ENABLE_OBJC_ARC = YES;
				CLANG_WARN_BOOL_CONVERSION = YES;
				CLANG_WARN_CONSTANT_CONVERSION = YES;
				CLANG_WARN_DIRECT_OBJC_ISA_USAGE = YES_ERROR;
				CLANG_WARN_EMPTY_BODY = YES;
				CLANG_WARN_ENUM_CONVERSION = YES;
				CLANG_WARN_INT_CONVERSION = YES;
				CLANG_WARN_OBJC_ROOT_CLASS = YES_ERROR;
				CLANG_WARN_UNREACHABLE_CODE = YES;
				CLANG_WARN__DUPLICATE_METHOD_MATCH = YES;
				"CODE_SIGN_IDENTITY[sdk=iphoneos*]" = "iPhone Developer";
				COPY_PHASE_STRIP = NO;
				ENABLE_STRICT_OBJC_MSGSEND = YES;
				GCC_C_LANGUAGE_STANDARD = gnu99;
				GCC_DYNAMIC_NO_PIC = NO;
				GCC_OPTIMIZATION_LEVEL = 0;
				GCC_PREPROCESSOR_DEFINITIONS = (
					"DEBUG=1",
					"$(inherited)",
				);
				GCC_SYMBOLS_PRIVATE_EXTERN = NO;
				GCC_WARN_64_TO_32_BIT_CONVERSION = YES;
				GCC_WARN_ABOUT_RETURN_TYPE = YES_ERROR;
				GCC_WARN_UNDECLARED_SELECTOR = YES;
				GCC_WARN_UNINITIALIZED_AUTOS = YES_AGGRESSIVE;
				GCC_WARN_UNUSED_FUNCTION = YES;
				GCC_WARN_UNUSED_VARIABLE = YES;
				IPHONEOS_DEPLOYMENT_TARGET = 8.1;
				MTL_ENABLE_DEBUG_INFO = YES;
				ONLY_ACTIVE_ARCH = YES;
				SDKROOT = iphoneos;
				SWIFT_OPTIMIZATION_LEVEL = "-Onone";
				TARGETED_DEVICE_FAMILY = "1,2";
			};
			name = Debug;
		};
		E13B81B11A4583E2006D29DC /* Release */ = {
			isa = XCBuildConfiguration;
			buildSettings = {
				ALWAYS_SEARCH_USER_PATHS = NO;
				CLANG_CXX_LANGUAGE_STANDARD = "gnu++0x";
				CLANG_CXX_LIBRARY = "libc++";
				CLANG_ENABLE_MODULES = YES;
				CLANG_ENABLE_OBJC_ARC = YES;
				CLANG_WARN_BOOL_CONVERSION = YES;
				CLANG_WARN_CONSTANT_CONVERSION = YES;
				CLANG_WARN_DIRECT_OBJC_ISA_USAGE = YES_ERROR;
				CLANG_WARN_EMPTY_BODY = YES;
				CLANG_WARN_ENUM_CONVERSION = YES;
				CLANG_WARN_INT_CONVERSION = YES;
				CLANG_WARN_OBJC_ROOT_CLASS = YES_ERROR;
				CLANG_WARN_UNREACHABLE_CODE = YES;
				CLANG_WARN__DUPLICATE_METHOD_MATCH = YES;
				"CODE_SIGN_IDENTITY[sdk=iphoneos*]" = "iPhone Developer";
				COPY_PHASE_STRIP = YES;
				ENABLE_NS_ASSERTIONS = NO;
				ENABLE_STRICT_OBJC_MSGSEND = YES;
				GCC_C_LANGUAGE_STANDARD = gnu99;
				GCC_WARN_64_TO_32_BIT_CONVERSION = YES;
				GCC_WARN_ABOUT_RETURN_TYPE = YES_ERROR;
				GCC_WARN_UNDECLARED_SELECTOR = YES;
				GCC_WARN_UNINITIALIZED_AUTOS = YES_AGGRESSIVE;
				GCC_WARN_UNUSED_FUNCTION = YES;
				GCC_WARN_UNUSED_VARIABLE = YES;
				IPHONEOS_DEPLOYMENT_TARGET = 8.1;
				MTL_ENABLE_DEBUG_INFO = NO;
				SDKROOT = iphoneos;
				TARGETED_DEVICE_FAMILY = "1,2";
				VALIDATE_PRODUCT = YES;
			};
			name = Release;
		};
		E13B81B31A4583E2006D29DC /* Debug */ = {
			isa = XCBuildConfiguration;
			buildSettings = {
				ASSETCATALOG_COMPILER_APPICON_NAME = AppIcon;
				FRAMEWORK_SEARCH_PATHS = (
					"$(inherited)",
					"$(PROJECT_DIR)/projects-ios/Dependencies",
				);
				INFOPLIST_FILE = "projects-ios/Supporting Files/Info.plist";
				LD_RUNPATH_SEARCH_PATHS = "$(inherited) @executable_path/Frameworks";
				PRODUCT_NAME = "$(TARGET_NAME)";
				SWIFT_OBJC_BRIDGING_HEADER = "";
			};
			name = Debug;
		};
		E13B81B41A4583E2006D29DC /* Release */ = {
			isa = XCBuildConfiguration;
			buildSettings = {
				ASSETCATALOG_COMPILER_APPICON_NAME = AppIcon;
				FRAMEWORK_SEARCH_PATHS = (
					"$(inherited)",
					"$(PROJECT_DIR)/projects-ios/Dependencies",
				);
				INFOPLIST_FILE = "projects-ios/Supporting Files/Info.plist";
				LD_RUNPATH_SEARCH_PATHS = "$(inherited) @executable_path/Frameworks";
				PRODUCT_NAME = "$(TARGET_NAME)";
				SWIFT_OBJC_BRIDGING_HEADER = "";
			};
			name = Release;
		};
		E13B81B61A4583E2006D29DC /* Debug */ = {
			isa = XCBuildConfiguration;
			buildSettings = {
				BUNDLE_LOADER = "$(TEST_HOST)";
				FRAMEWORK_SEARCH_PATHS = (
					"$(SDKROOT)/Developer/Library/Frameworks",
					"$(inherited)",
				);
				GCC_PREPROCESSOR_DEFINITIONS = (
					"DEBUG=1",
					"$(inherited)",
				);
				INFOPLIST_FILE = "projects-iosTests/Supporting Files/Info.plist";
				LD_RUNPATH_SEARCH_PATHS = "$(inherited) @executable_path/Frameworks @loader_path/Frameworks";
				PRODUCT_NAME = "$(TARGET_NAME)";
				TEST_HOST = "$(BUILT_PRODUCTS_DIR)/projects-ios.app/projects-ios";
			};
			name = Debug;
		};
		E13B81B71A4583E2006D29DC /* Release */ = {
			isa = XCBuildConfiguration;
			buildSettings = {
				BUNDLE_LOADER = "$(TEST_HOST)";
				FRAMEWORK_SEARCH_PATHS = (
					"$(SDKROOT)/Developer/Library/Frameworks",
					"$(inherited)",
				);
				INFOPLIST_FILE = "projects-iosTests/Supporting Files/Info.plist";
				LD_RUNPATH_SEARCH_PATHS = "$(inherited) @executable_path/Frameworks @loader_path/Frameworks";
				PRODUCT_NAME = "$(TARGET_NAME)";
				TEST_HOST = "$(BUILT_PRODUCTS_DIR)/projects-ios.app/projects-ios";
			};
			name = Release;
		};
/* End XCBuildConfiguration section */

/* Begin XCConfigurationList section */
		E13B818E1A4583E2006D29DC /* Build configuration list for PBXProject "projects-ios" */ = {
			isa = XCConfigurationList;
			buildConfigurations = (
				E13B81B01A4583E2006D29DC /* Debug */,
				E13B81B11A4583E2006D29DC /* Release */,
			);
			defaultConfigurationIsVisible = 0;
			defaultConfigurationName = Release;
		};
		E13B81B21A4583E2006D29DC /* Build configuration list for PBXNativeTarget "projects-ios" */ = {
			isa = XCConfigurationList;
			buildConfigurations = (
				E13B81B31A4583E2006D29DC /* Debug */,
				E13B81B41A4583E2006D29DC /* Release */,
			);
			defaultConfigurationIsVisible = 0;
			defaultConfigurationName = Release;
		};
		E13B81B51A4583E2006D29DC /* Build configuration list for PBXNativeTarget "projects-iosTests" */ = {
			isa = XCConfigurationList;
			buildConfigurations = (
				E13B81B61A4583E2006D29DC /* Debug */,
				E13B81B71A4583E2006D29DC /* Release */,
			);
			defaultConfigurationIsVisible = 0;
			defaultConfigurationName = Release;
		};
/* End XCConfigurationList section */
	};
	rootObject = E13B818B1A4583E2006D29DC /* Project object */;
}
